
Microsoft Visual Studio Solution File, Format Version 12.00
# Visual Studio Version 17
VisualStudioVersion = 17.0.31903.59
MinimumVisualStudioVersion = 10.0.40219.1
Project("{FAE04EC0-301F-11D3-BF4B-00C04F79EFBC}") = "StatsLibrary", "StatsLibrary\StatsLibrary.csproj", "{C044EE52-530E-4B35-B3BE-B75CE95AF327}"
EndProject
Project("{FAE04EC0-301F-11D3-BF4B-00C04F79EFBC}") = "ShowCase", "ShowCase\ShowCase.csproj", "{6C5D944B-1A33-4885-B2C1-0A3ADC6013FF}"
EndProject
Global
	GlobalSection(SolutionConfigurationPlatforms) = preSolution
		Debug|Any CPU = Debug|Any CPU
		Release|Any CPU = Release|Any CPU
	EndGlobalSection
	GlobalSection(SolutionProperties) = preSolution
		HideSolutionNode = FALSE
	EndGlobalSection
	GlobalSection(ProjectConfigurationPlatforms) = postSolution
		{C044EE52-530E-4B35-B3BE-B75CE95AF327}.Debug|Any CPU.ActiveCfg = Debug|Any CPU
		{C044EE52-530E-4B35-B3BE-B75CE95AF327}.Debug|Any CPU.Build.0 = Debug|Any CPU
		{C044EE52-530E-4B35-B3BE-B75CE95AF327}.Release|Any CPU.ActiveCfg = Release|Any CPU
		{C044EE52-530E-4B35-B3BE-B75CE95AF327}.Release|Any CPU.Build.0 = Release|Any CPU
		{6C5D944B-1A33-4885-B2C1-0A3ADC6013FF}.Debug|Any CPU.ActiveCfg = Debug|Any CPU
		{6C5D944B-1A33-4885-B2C1-0A3ADC6013FF}.Debug|Any CPU.Build.0 = Debug|Any CPU
		{6C5D944B-1A33-4885-B2C1-0A3ADC6013FF}.Release|Any CPU.ActiveCfg = Release|Any CPU
		{6C5D944B-1A33-4885-B2C1-0A3ADC6013FF}.Release|Any CPU.Build.0 = Release|Any CPU
	EndGlobalSection
EndGlobal
